
Microsoft Visual Studio Solution File, Format Version 12.00
# Visual Studio Version 17
VisualStudioVersion = 17.4.33122.133
MinimumVisualStudioVersion = 10.0.40219.1
Project("{FAE04EC0-301F-11D3-BF4B-00C04F79EFBC}") = "Ejercicio2", "Ejercicio2\Ejercicio2.csproj", "{C58F86B2-0AB6-480D-BB99-4AB22E480537}"
EndProject
Global
	GlobalSection(SolutionConfigurationPlatforms) = preSolution
		Debug|Any CPU = Debug|Any CPU
		Release|Any CPU = Release|Any CPU
	EndGlobalSection
	GlobalSection(ProjectConfigurationPlatforms) = postSolution
		{C58F86B2-0AB6-480D-BB99-4AB22E480537}.Debug|Any CPU.ActiveCfg = Debug|Any CPU
		{C58F86B2-0AB6-480D-BB99-4AB22E480537}.Debug|Any CPU.Build.0 = Debug|Any CPU
		{C58F86B2-0AB6-480D-BB99-4AB22E480537}.Release|Any CPU.ActiveCfg = Release|Any CPU
		{C58F86B2-0AB6-480D-BB99-4AB22E480537}.Release|Any CPU.Build.0 = Release|Any CPU
	EndGlobalSection
	GlobalSection(SolutionProperties) = preSolution
		HideSolutionNode = FALSE
	EndGlobalSection
	GlobalSection(ExtensibilityGlobals) = postSolution
		SolutionGuid = {BA5FA38D-664D-4E1D-8DD8-40805AFF1199}
	EndGlobalSection
EndGlobal
