
Microsoft Visual Studio Solution File, Format Version 12.00
# Visual Studio Version 17
VisualStudioVersion = 17.4.33122.133
MinimumVisualStudioVersion = 10.0.40219.1
Project("{FAE04EC0-301F-11D3-BF4B-00C04F79EFBC}") = "Ejercicio15", "Ejercicio15\Ejercicio15.csproj", "{8C883B18-8CEE-4636-9269-03CAC8CEE624}"
EndProject
Global
	GlobalSection(SolutionConfigurationPlatforms) = preSolution
		Debug|Any CPU = Debug|Any CPU
		Release|Any CPU = Release|Any CPU
	EndGlobalSection
	GlobalSection(ProjectConfigurationPlatforms) = postSolution
		{8C883B18-8CEE-4636-9269-03CAC8CEE624}.Debug|Any CPU.ActiveCfg = Debug|Any CPU
		{8C883B18-8CEE-4636-9269-03CAC8CEE624}.Debug|Any CPU.Build.0 = Debug|Any CPU
		{8C883B18-8CEE-4636-9269-03CAC8CEE624}.Release|Any CPU.ActiveCfg = Release|Any CPU
		{8C883B18-8CEE-4636-9269-03CAC8CEE624}.Release|Any CPU.Build.0 = Release|Any CPU
	EndGlobalSection
	GlobalSection(SolutionProperties) = preSolution
		HideSolutionNode = FALSE
	EndGlobalSection
	GlobalSection(ExtensibilityGlobals) = postSolution
		SolutionGuid = {A3958FFA-849D-4D37-A162-AAE336CC1685}
	EndGlobalSection
EndGlobal
