
Microsoft Visual Studio Solution File, Format Version 12.00
# Visual Studio Version 17
VisualStudioVersion = 17.2.32526.322
MinimumVisualStudioVersion = 10.0.40219.1
Project("{FAE04EC0-301F-11D3-BF4B-00C04F79EFBC}") = "Ejer3", "Ejer3\Ejer3.csproj", "{843A4585-934C-4E85-A65C-641C9073624B}"
EndProject
Global
	GlobalSection(SolutionConfigurationPlatforms) = preSolution
		Debug|Any CPU = Debug|Any CPU
		Release|Any CPU = Release|Any CPU
	EndGlobalSection
	GlobalSection(ProjectConfigurationPlatforms) = postSolution
		{843A4585-934C-4E85-A65C-641C9073624B}.Debug|Any CPU.ActiveCfg = Debug|Any CPU
		{843A4585-934C-4E85-A65C-641C9073624B}.Debug|Any CPU.Build.0 = Debug|Any CPU
		{843A4585-934C-4E85-A65C-641C9073624B}.Release|Any CPU.ActiveCfg = Release|Any CPU
		{843A4585-934C-4E85-A65C-641C9073624B}.Release|Any CPU.Build.0 = Release|Any CPU
	EndGlobalSection
	GlobalSection(SolutionProperties) = preSolution
		HideSolutionNode = FALSE
	EndGlobalSection
	GlobalSection(ExtensibilityGlobals) = postSolution
		SolutionGuid = {9BB3DE74-AF16-4059-A66D-81BB921E9EC8}
	EndGlobalSection
EndGlobal
