Microsoft Visual Studio Solution File, Format Version 12.00
# Visual Studio Version 17
VisualStudioVersion = 17.0.31903.59
MinimumVisualStudioVersion = 10.0.40219.1
Project("{9A19103F-16F7-4668-BE54-9A1E7A4F7556}") = "Ejercicio9", "Ejercicio9.csproj", "{37FC6D39-ABD3-40FB-9B44-6C241B448328}"
EndProject
Global
	GlobalSection(SolutionConfigurationPlatforms) = preSolution
		Debug|Any CPU = Debug|Any CPU
		Release|Any CPU = Release|Any CPU
	EndGlobalSection
	GlobalSection(ProjectConfigurationPlatforms) = postSolution
		{37FC6D39-ABD3-40FB-9B44-6C241B448328}.Debug|Any CPU.ActiveCfg = Debug|Any CPU
		{37FC6D39-ABD3-40FB-9B44-6C241B448328}.Debug|Any CPU.Build.0 = Debug|Any CPU
		{37FC6D39-ABD3-40FB-9B44-6C241B448328}.Release|Any CPU.ActiveCfg = Release|Any CPU
		{37FC6D39-ABD3-40FB-9B44-6C241B448328}.Release|Any CPU.Build.0 = Release|Any CPU
	EndGlobalSection
EndGlobal