
Microsoft Visual Studio Solution File, Format Version 12.00
# Visual Studio Version 17
VisualStudioVersion = 17.3.32929.385
MinimumVisualStudioVersion = 10.0.40219.1
Project("{FAE04EC0-301F-11D3-BF4B-00C04F79EFBC}") = "Ejercicio16", "Ejercicio16\Ejercicio16.csproj", "{5E961F99-55F8-41EC-9F61-AE54268E364C}"
EndProject
Global
	GlobalSection(SolutionConfigurationPlatforms) = preSolution
		Debug|Any CPU = Debug|Any CPU
		Release|Any CPU = Release|Any CPU
	EndGlobalSection
	GlobalSection(ProjectConfigurationPlatforms) = postSolution
		{5E961F99-55F8-41EC-9F61-AE54268E364C}.Debug|Any CPU.ActiveCfg = Debug|Any CPU
		{5E961F99-55F8-41EC-9F61-AE54268E364C}.Debug|Any CPU.Build.0 = Debug|Any CPU
		{5E961F99-55F8-41EC-9F61-AE54268E364C}.Release|Any CPU.ActiveCfg = Release|Any CPU
		{5E961F99-55F8-41EC-9F61-AE54268E364C}.Release|Any CPU.Build.0 = Release|Any CPU
	EndGlobalSection
	GlobalSection(SolutionProperties) = preSolution
		HideSolutionNode = FALSE
	EndGlobalSection
	GlobalSection(ExtensibilityGlobals) = postSolution
		SolutionGuid = {5A6BA204-DDCF-4EB4-BAEE-1CE87782B82B}
	EndGlobalSection
EndGlobal
