
Microsoft Visual Studio Solution File, Format Version 12.00
# Visual Studio Version 17
VisualStudioVersion = 17.3.32929.385
MinimumVisualStudioVersion = 10.0.40219.1
Project("{FAE04EC0-301F-11D3-BF4B-00C04F79EFBC}") = "Ejercicio17", "Ejercicio17\Ejercicio17.csproj", "{68B8A310-954F-443C-B70D-728F32C01F77}"
EndProject
Global
	GlobalSection(SolutionConfigurationPlatforms) = preSolution
		Debug|Any CPU = Debug|Any CPU
		Release|Any CPU = Release|Any CPU
	EndGlobalSection
	GlobalSection(ProjectConfigurationPlatforms) = postSolution
		{68B8A310-954F-443C-B70D-728F32C01F77}.Debug|Any CPU.ActiveCfg = Debug|Any CPU
		{68B8A310-954F-443C-B70D-728F32C01F77}.Debug|Any CPU.Build.0 = Debug|Any CPU
		{68B8A310-954F-443C-B70D-728F32C01F77}.Release|Any CPU.ActiveCfg = Release|Any CPU
		{68B8A310-954F-443C-B70D-728F32C01F77}.Release|Any CPU.Build.0 = Release|Any CPU
	EndGlobalSection
	GlobalSection(SolutionProperties) = preSolution
		HideSolutionNode = FALSE
	EndGlobalSection
	GlobalSection(ExtensibilityGlobals) = postSolution
		SolutionGuid = {D01EFCFA-619B-4CB2-92C6-FB5ED05AFF26}
	EndGlobalSection
EndGlobal
