
Microsoft Visual Studio Solution File, Format Version 12.00
# Visual Studio Version 17
VisualStudioVersion = 17.2.32526.322
MinimumVisualStudioVersion = 10.0.40219.1
Project("{FAE04EC0-301F-11D3-BF4B-00C04F79EFBC}") = "Ejercicio5", "Ejercicio5\Ejercicio5.csproj", "{2855633B-1B27-42D5-AAA3-2761E8E04B25}"
EndProject
Global
	GlobalSection(SolutionConfigurationPlatforms) = preSolution
		Debug|Any CPU = Debug|Any CPU
		Release|Any CPU = Release|Any CPU
	EndGlobalSection
	GlobalSection(ProjectConfigurationPlatforms) = postSolution
		{2855633B-1B27-42D5-AAA3-2761E8E04B25}.Debug|Any CPU.ActiveCfg = Debug|Any CPU
		{2855633B-1B27-42D5-AAA3-2761E8E04B25}.Debug|Any CPU.Build.0 = Debug|Any CPU
		{2855633B-1B27-42D5-AAA3-2761E8E04B25}.Release|Any CPU.ActiveCfg = Release|Any CPU
		{2855633B-1B27-42D5-AAA3-2761E8E04B25}.Release|Any CPU.Build.0 = Release|Any CPU
	EndGlobalSection
	GlobalSection(SolutionProperties) = preSolution
		HideSolutionNode = FALSE
	EndGlobalSection
	GlobalSection(ExtensibilityGlobals) = postSolution
		SolutionGuid = {B7F03515-DB30-4C54-8D2F-1307547EBF3F}
	EndGlobalSection
EndGlobal
