
Microsoft Visual Studio Solution File, Format Version 12.00
# Visual Studio Version 17
VisualStudioVersion = 17.4.33122.133
MinimumVisualStudioVersion = 10.0.40219.1
Project("{FAE04EC0-301F-11D3-BF4B-00C04F79EFBC}") = "Ejercicio16", "Ejercicio16\Ejercicio16.csproj", "{0C2ABB14-A3B1-419A-A58E-B18216B33F78}"
EndProject
Global
	GlobalSection(SolutionConfigurationPlatforms) = preSolution
		Debug|Any CPU = Debug|Any CPU
		Release|Any CPU = Release|Any CPU
	EndGlobalSection
	GlobalSection(ProjectConfigurationPlatforms) = postSolution
		{0C2ABB14-A3B1-419A-A58E-B18216B33F78}.Debug|Any CPU.ActiveCfg = Debug|Any CPU
		{0C2ABB14-A3B1-419A-A58E-B18216B33F78}.Debug|Any CPU.Build.0 = Debug|Any CPU
		{0C2ABB14-A3B1-419A-A58E-B18216B33F78}.Release|Any CPU.ActiveCfg = Release|Any CPU
		{0C2ABB14-A3B1-419A-A58E-B18216B33F78}.Release|Any CPU.Build.0 = Release|Any CPU
	EndGlobalSection
	GlobalSection(SolutionProperties) = preSolution
		HideSolutionNode = FALSE
	EndGlobalSection
	GlobalSection(ExtensibilityGlobals) = postSolution
		SolutionGuid = {0AA158E0-6668-4C0C-8E5C-0EE748D15B33}
	EndGlobalSection
EndGlobal
