Microsoft Visual Studio Solution File, Format Version 12.00
# Visual Studio Version 17
VisualStudioVersion = 17.0.31903.59
MinimumVisualStudioVersion = 10.0.40219.1
Project("{9A19103F-16F7-4668-BE54-9A1E7A4F7556}") = "Ejercicio10", "Ejercicio10.csproj", "{137CDE8B-29DB-4AC0-9973-07C8FC2B1398}"
EndProject
Global
	GlobalSection(SolutionConfigurationPlatforms) = preSolution
		Debug|Any CPU = Debug|Any CPU
		Release|Any CPU = Release|Any CPU
	EndGlobalSection
	GlobalSection(ProjectConfigurationPlatforms) = postSolution
		{137CDE8B-29DB-4AC0-9973-07C8FC2B1398}.Debug|Any CPU.ActiveCfg = Debug|Any CPU
		{137CDE8B-29DB-4AC0-9973-07C8FC2B1398}.Debug|Any CPU.Build.0 = Debug|Any CPU
		{137CDE8B-29DB-4AC0-9973-07C8FC2B1398}.Release|Any CPU.ActiveCfg = Release|Any CPU
		{137CDE8B-29DB-4AC0-9973-07C8FC2B1398}.Release|Any CPU.Build.0 = Release|Any CPU
	EndGlobalSection
EndGlobal