
Microsoft Visual Studio Solution File, Format Version 12.00
# Visual Studio Version 17
VisualStudioVersion = 17.4.33122.133
MinimumVisualStudioVersion = 10.0.40219.1
Project("{FAE04EC0-301F-11D3-BF4B-00C04F79EFBC}") = "Ejercicio20", "Ejercicio20\Ejercicio20.csproj", "{16611829-4DF8-4E85-8FC2-46CA38579EF9}"
EndProject
Global
	GlobalSection(SolutionConfigurationPlatforms) = preSolution
		Debug|Any CPU = Debug|Any CPU
		Release|Any CPU = Release|Any CPU
	EndGlobalSection
	GlobalSection(ProjectConfigurationPlatforms) = postSolution
		{16611829-4DF8-4E85-8FC2-46CA38579EF9}.Debug|Any CPU.ActiveCfg = Debug|Any CPU
		{16611829-4DF8-4E85-8FC2-46CA38579EF9}.Debug|Any CPU.Build.0 = Debug|Any CPU
		{16611829-4DF8-4E85-8FC2-46CA38579EF9}.Release|Any CPU.ActiveCfg = Release|Any CPU
		{16611829-4DF8-4E85-8FC2-46CA38579EF9}.Release|Any CPU.Build.0 = Release|Any CPU
	EndGlobalSection
	GlobalSection(SolutionProperties) = preSolution
		HideSolutionNode = FALSE
	EndGlobalSection
	GlobalSection(ExtensibilityGlobals) = postSolution
		SolutionGuid = {692CA595-A90D-4A48-BDF0-79511F1CA3E4}
	EndGlobalSection
EndGlobal
