
Microsoft Visual Studio Solution File, Format Version 12.00
# Visual Studio Version 17
VisualStudioVersion = 17.4.33122.133
MinimumVisualStudioVersion = 10.0.40219.1
Project("{FAE04EC0-301F-11D3-BF4B-00C04F79EFBC}") = "Ejercicio26", "Ejercicio26\Ejercicio26.csproj", "{DA7EBC37-95F2-4E0B-8EC2-8E0188E5BD21}"
EndProject
Global
	GlobalSection(SolutionConfigurationPlatforms) = preSolution
		Debug|Any CPU = Debug|Any CPU
		Release|Any CPU = Release|Any CPU
	EndGlobalSection
	GlobalSection(ProjectConfigurationPlatforms) = postSolution
		{DA7EBC37-95F2-4E0B-8EC2-8E0188E5BD21}.Debug|Any CPU.ActiveCfg = Debug|Any CPU
		{DA7EBC37-95F2-4E0B-8EC2-8E0188E5BD21}.Debug|Any CPU.Build.0 = Debug|Any CPU
		{DA7EBC37-95F2-4E0B-8EC2-8E0188E5BD21}.Release|Any CPU.ActiveCfg = Release|Any CPU
		{DA7EBC37-95F2-4E0B-8EC2-8E0188E5BD21}.Release|Any CPU.Build.0 = Release|Any CPU
	EndGlobalSection
	GlobalSection(SolutionProperties) = preSolution
		HideSolutionNode = FALSE
	EndGlobalSection
	GlobalSection(ExtensibilityGlobals) = postSolution
		SolutionGuid = {C4F0C29A-B42A-408A-922F-6D07EBA471C1}
	EndGlobalSection
EndGlobal
