
Microsoft Visual Studio Solution File, Format Version 12.00
# Visual Studio Version 17
VisualStudioVersion = 17.2.32526.322
MinimumVisualStudioVersion = 10.0.40219.1
Project("{FAE04EC0-301F-11D3-BF4B-00C04F79EFBC}") = "Ejercicio4", "Ejercicio4\Ejercicio4.csproj", "{676AF19F-D4E1-4E74-BB52-DB6A8ECFAA59}"
EndProject
Global
	GlobalSection(SolutionConfigurationPlatforms) = preSolution
		Debug|Any CPU = Debug|Any CPU
		Release|Any CPU = Release|Any CPU
	EndGlobalSection
	GlobalSection(ProjectConfigurationPlatforms) = postSolution
		{676AF19F-D4E1-4E74-BB52-DB6A8ECFAA59}.Debug|Any CPU.ActiveCfg = Debug|Any CPU
		{676AF19F-D4E1-4E74-BB52-DB6A8ECFAA59}.Debug|Any CPU.Build.0 = Debug|Any CPU
		{676AF19F-D4E1-4E74-BB52-DB6A8ECFAA59}.Release|Any CPU.ActiveCfg = Release|Any CPU
		{676AF19F-D4E1-4E74-BB52-DB6A8ECFAA59}.Release|Any CPU.Build.0 = Release|Any CPU
	EndGlobalSection
	GlobalSection(SolutionProperties) = preSolution
		HideSolutionNode = FALSE
	EndGlobalSection
	GlobalSection(ExtensibilityGlobals) = postSolution
		SolutionGuid = {CB723AB6-FEEB-485F-A2AD-376633A974A7}
	EndGlobalSection
EndGlobal
