
Microsoft Visual Studio Solution File, Format Version 12.00
# Visual Studio Version 17
VisualStudioVersion = 17.2.32526.322
MinimumVisualStudioVersion = 10.0.40219.1
Project("{FAE04EC0-301F-11D3-BF4B-00C04F79EFBC}") = "Ejer4", "Ejer4\Ejer4.csproj", "{EDBD3EF1-007E-4C03-B582-EFFB9D58F452}"
EndProject
Global
	GlobalSection(SolutionConfigurationPlatforms) = preSolution
		Debug|Any CPU = Debug|Any CPU
		Release|Any CPU = Release|Any CPU
	EndGlobalSection
	GlobalSection(ProjectConfigurationPlatforms) = postSolution
		{EDBD3EF1-007E-4C03-B582-EFFB9D58F452}.Debug|Any CPU.ActiveCfg = Debug|Any CPU
		{EDBD3EF1-007E-4C03-B582-EFFB9D58F452}.Debug|Any CPU.Build.0 = Debug|Any CPU
		{EDBD3EF1-007E-4C03-B582-EFFB9D58F452}.Release|Any CPU.ActiveCfg = Release|Any CPU
		{EDBD3EF1-007E-4C03-B582-EFFB9D58F452}.Release|Any CPU.Build.0 = Release|Any CPU
	EndGlobalSection
	GlobalSection(SolutionProperties) = preSolution
		HideSolutionNode = FALSE
	EndGlobalSection
	GlobalSection(ExtensibilityGlobals) = postSolution
		SolutionGuid = {F2C15219-9720-459F-964A-A29C0FFDE93C}
	EndGlobalSection
EndGlobal
